
Microsoft Visual Studio Solution File, Format Version 12.00
# Visual Studio Version 16
VisualStudioVersion = 16.0.32228.343
MinimumVisualStudioVersion = 10.0.40219.1
Project("{FAE04EC0-301F-11D3-BF4B-00C04F79EFBC}") = "StruggleMemory", "StruggleMemory.csproj", "{1421ECC3-CD29-4B97-A1B0-D46BC80D9F5D}"
EndProject
Global
	GlobalSection(SolutionConfigurationPlatforms) = preSolution
		Debug|Any CPU = Debug|Any CPU
		Release|Any CPU = Release|Any CPU
	EndGlobalSection
	GlobalSection(ProjectConfigurationPlatforms) = postSolution
		{1421ECC3-CD29-4B97-A1B0-D46BC80D9F5D}.Debug|Any CPU.ActiveCfg = Debug|Any CPU
		{1421ECC3-CD29-4B97-A1B0-D46BC80D9F5D}.Debug|Any CPU.Build.0 = Debug|Any CPU
		{1421ECC3-CD29-4B97-A1B0-D46BC80D9F5D}.Release|Any CPU.ActiveCfg = Release|Any CPU
		{1421ECC3-CD29-4B97-A1B0-D46BC80D9F5D}.Release|Any CPU.Build.0 = Release|Any CPU
	EndGlobalSection
	GlobalSection(SolutionProperties) = preSolution
		HideSolutionNode = FALSE
	EndGlobalSection
	GlobalSection(ExtensibilityGlobals) = postSolution
		SolutionGuid = {9C3DECE8-95B1-4AA0-B8BA-E430BCBF0FED}
	EndGlobalSection
EndGlobal
